
Microsoft Visual Studio Solution File, Format Version 12.00
# Visual Studio Version 17
VisualStudioVersion = 17.5.33627.172
MinimumVisualStudioVersion = 10.0.40219.1
Project("{FAE04EC0-301F-11D3-BF4B-00C04F79EFBC}") = "LetsGoDotNetReactiveExtn", "LetsGoDotNetReactiveExtn.csproj", "{FE361456-3D6D-4D09-9F23-6D619AB9C7B1}"
EndProject
Project("{FAE04EC0-301F-11D3-BF4B-00C04F79EFBC}") = "ObsandObs", "..\ObsandObs\ObsandObs.csproj", "{EDD39E94-674D-4A88-939B-C6DA95C12C21}"
EndProject
Global
	GlobalSection(SolutionConfigurationPlatforms) = preSolution
		Debug|Any CPU = Debug|Any CPU
		Release|Any CPU = Release|Any CPU
	EndGlobalSection
	GlobalSection(ProjectConfigurationPlatforms) = postSolution
		{FE361456-3D6D-4D09-9F23-6D619AB9C7B1}.Debug|Any CPU.ActiveCfg = Debug|Any CPU
		{FE361456-3D6D-4D09-9F23-6D619AB9C7B1}.Debug|Any CPU.Build.0 = Debug|Any CPU
		{FE361456-3D6D-4D09-9F23-6D619AB9C7B1}.Release|Any CPU.ActiveCfg = Release|Any CPU
		{FE361456-3D6D-4D09-9F23-6D619AB9C7B1}.Release|Any CPU.Build.0 = Release|Any CPU
		{EDD39E94-674D-4A88-939B-C6DA95C12C21}.Debug|Any CPU.ActiveCfg = Debug|Any CPU
		{EDD39E94-674D-4A88-939B-C6DA95C12C21}.Debug|Any CPU.Build.0 = Debug|Any CPU
		{EDD39E94-674D-4A88-939B-C6DA95C12C21}.Release|Any CPU.ActiveCfg = Release|Any CPU
		{EDD39E94-674D-4A88-939B-C6DA95C12C21}.Release|Any CPU.Build.0 = Release|Any CPU
	EndGlobalSection
	GlobalSection(SolutionProperties) = preSolution
		HideSolutionNode = FALSE
	EndGlobalSection
	GlobalSection(ExtensibilityGlobals) = postSolution
		SolutionGuid = {48799A69-290A-458D-87E2-7A1BA16AFB5A}
	EndGlobalSection
EndGlobal
